
Microsoft Visual Studio Solution File, Format Version 12.00
# Visual Studio Version 16
VisualStudioVersion = 16.0.31321.278
MinimumVisualStudioVersion = 10.0.40219.1
Project("{FAE04EC0-301F-11D3-BF4B-00C04F79EFBC}") = "SecondLife", "SecondLife\SecondLife.csproj", "{BBF3425B-5550-40F3-B48A-0C20E538769D}"
EndProject
Global
	GlobalSection(SolutionConfigurationPlatforms) = preSolution
		Debug|Any CPU = Debug|Any CPU
		Release|Any CPU = Release|Any CPU
	EndGlobalSection
	GlobalSection(ProjectConfigurationPlatforms) = postSolution
		{BBF3425B-5550-40F3-B48A-0C20E538769D}.Debug|Any CPU.ActiveCfg = Debug|Any CPU
		{BBF3425B-5550-40F3-B48A-0C20E538769D}.Debug|Any CPU.Build.0 = Debug|Any CPU
		{BBF3425B-5550-40F3-B48A-0C20E538769D}.Release|Any CPU.ActiveCfg = Release|Any CPU
		{BBF3425B-5550-40F3-B48A-0C20E538769D}.Release|Any CPU.Build.0 = Release|Any CPU
	EndGlobalSection
	GlobalSection(SolutionProperties) = preSolution
		HideSolutionNode = FALSE
	EndGlobalSection
	GlobalSection(ExtensibilityGlobals) = postSolution
		SolutionGuid = {38C5F552-EB0A-4FED-BBB2-DF8143D1B693}
	EndGlobalSection
EndGlobal
